
Microsoft Visual Studio Solution File, Format Version 12.00
# Visual Studio 2012
Project("{FAE04EC0-301F-11D3-BF4B-00C04F79EFBC}") = "tinhCV_DT", "tinhCV_DT\tinhCV_DT.csproj", "{D93D79C6-6440-4EAB-8EC3-23757D55708A}"
EndProject
Global
	GlobalSection(SolutionConfigurationPlatforms) = preSolution
		Debug|Any CPU = Debug|Any CPU
		Release|Any CPU = Release|Any CPU
	EndGlobalSection
	GlobalSection(ProjectConfigurationPlatforms) = postSolution
		{D93D79C6-6440-4EAB-8EC3-23757D55708A}.Debug|Any CPU.ActiveCfg = Debug|Any CPU
		{D93D79C6-6440-4EAB-8EC3-23757D55708A}.Debug|Any CPU.Build.0 = Debug|Any CPU
		{D93D79C6-6440-4EAB-8EC3-23757D55708A}.Release|Any CPU.ActiveCfg = Release|Any CPU
		{D93D79C6-6440-4EAB-8EC3-23757D55708A}.Release|Any CPU.Build.0 = Release|Any CPU
	EndGlobalSection
	GlobalSection(SolutionProperties) = preSolution
		HideSolutionNode = FALSE
	EndGlobalSection
EndGlobal
